<Solution>
  <Folder Name="/src/">
    <Project Path="src/DProcess.Api/DProcess.Api.csproj" />
    <Project Path="src/DProcess.AppHost/DProcess.AppHost.csproj" />
    <Project Path="src/DProcess.ServiceDefaults/DProcess.ServiceDefaults.csproj" />
    <Project Path="src/DProcess.Shared/DProcess.Shared.csproj" />
  </Folder>
  <Folder Name="/src/DProcess.Bff/">
    <Project Path="src/DProcess.Bff/DProcess.Bff.Client/DProcess.Bff.Client.csproj" />
    <Project Path="src/DProcess.Bff/DProcess.Bff/DProcess.Bff.csproj" />
  </Folder>
  <Folder Name="/src/DProcess.Idp/">
    <Project Path="src/DProcess.Idp/DProcess.Idp.Client/DProcess.Idp.Client.csproj" />
    <Project Path="src/DProcess.Idp/DProcess.Idp/DProcess.Idp.csproj" />
  </Folder>
</Solution>
